github.com/beorn7/perks v1.0.1 h1:VlbKTeN2GP3wvI4DZcLsHe6mH4EjHm3oq2vQ2f6dM8Mw=
github.com/beorn7/perks v1.0.1/go.mod h1:G2ZrVWU2WbWT9wwq4/hrbKbnv/1ERSJQ0ibhJ6rlmpw=
github.com/cespare/xxhash/v2 v2.2.0 h1:DCX+15LFs4diO2T7YsUiq0zx8aVL2J5k+8q/8C/m0M8=
github.com/cespare/xxhash/v2 v2.2.0/go.mod h1:VGX0DQ3Q6kWi7AoAeQDzhy/22p8QqFQb2z/3QX9k3k=
github.com/golang/protobuf v1.5.0/go.mod h1:FsONVRJ9CzG3YnLsYTnQsF0E0j1/8e0sZ5H9eL8q0=
github.com/golang/protobuf v1.5.3 h1:KhyjKVUg7Usr/dYsdSqoFveMYd5ko72D+zANwlG1mmg=
github.com/golang/protobuf v1.5.3/go.mod h1:XVQd3VNwM+JqD3oG2Ue2ip4fOMUkwXdXDgiduqf0YI=
github.com/matttproud/golang_protobuf_extensions v1.0.4 h1:mmDVorXD7mkfnV1bXzXZbD4p/hLC/8fRkQmKJ9nJz0=
github.com/matttproud/golang_protobuf_extensions v1.0.4/go.mod h1:BSXmuO+NO2Oug1cPnZvQby158aeyIzoentjMrD0epRk=
github.com/prometheus/client_golang v1.17.0 h1:rl2sfwZMtSthVU752MqfjQozy7blglC+f6ndHVg1e34=
github.com/prometheus/client_golang v1.17.0/go.mod h1:VeL6NvLwK7fxkVPE/4d7UU/MENqXlZ1IYqTQR/ND4=
github.com/prometheus/client_model v0.4.1-0.20230718164431-9a2bf3000d16 h1:7K2fOCeDmQdSGA7eMT+HqIkKmmfFVddpYJq3NLBzUjI=
github.com/prometheus/client_model v0.4.1-0.20230718164431-9a2bf3000d16/go.mod h1:JgjYd6lQqfQtBVPofwtLP9no7l03nLw7+KXqBn5YBc=
github.com/prometheus/common v0.44.0 h1:5oG6b5Bn9ONgxF/6L4s2qC1rS4Q9pJczkV8F2x3Nj4=
github.com/prometheus/common v0.44.0/go.mod h1:ofEBvGEh2DPqotJSnbD8f0x0sR8tJ/Cx8fG2HwVq2U=
github.com/prometheus/procfs v0.11.1 h1:xRC8Iq1yyca5ypa9n1EZs2IvH9N+RoCvHIdGJqR4TY=
github.com/prometheus/procfs v0.11.1/go.mod h1:z1EpUosF1m7kzGk9VV8Obdka0EjPyS7JuH4IQqZw/1c=
golang.org/x/sys v0.11.0 h1:eG7RXZHdqOJ1i+0lgLgCpSXAp6M3LYdFhxI3Pt3HDCE=
golang.org/x/sys v0.11.0/go.mod h1:oPk5h1TBocuqCYp5zORWVW0Nq5pW4FQjMx/5I3m0n0=
google.golang.org/protobuf v1.31.0 h1:g0LDEJHgrBl9N9r17Ru3sqWhk722VNeQy935SbOMeIY=
google.golang.org/protobuf v1.31.0/go.mod h1:HV8QOd/L58Z+nl8r43ehVNZIU/HEI6OcFqwMG9pJV4I=